
Microsoft Visual Studio Solution File, Format Version 12.00
# Visual Studio Version 17
VisualStudioVersion = 17.2.32630.192
MinimumVisualStudioVersion = 10.0.40219.1
Project("{9A19103F-16F7-4668-BE54-9A1E7A4F7556}") = "Shop.ProductApi", "Shop.ProductApi\Shop.ProductApi.csproj", "{907FAA89-3D72-4181-9234-300E39038C19}"
EndProject
Project("{9A19103F-16F7-4668-BE54-9A1E7A4F7556}") = "Shop.WEB", "Shop.WEB\Shop.WEB.csproj", "{95FA27D9-2BF3-4F58-9D65-31265EEF2C15}"
EndProject
Project("{2150E333-8FDC-42A3-9474-1A3956D46DE8}") = "FrontEnd", "FrontEnd", "{5D3A1C96-7B3C-43DE-8AED-4D4A094E98F7}"
EndProject
Project("{2150E333-8FDC-42A3-9474-1A3956D46DE8}") = "BackEnd", "BackEnd", "{D1D2CB13-C4BE-4A90-B46A-D0BE634CB1A3}"
EndProject
Project("{9A19103F-16F7-4668-BE54-9A1E7A4F7556}") = "Shop.IdentityServer", "Shop.IdentityServer\Shop.IdentityServer.csproj", "{DFCEFECB-FE5C-4A46-9AC7-5797EF7723AE}"
EndProject
Project("{9A19103F-16F7-4668-BE54-9A1E7A4F7556}") = "Shop.CartApi", "Shop.CartApi\Shop.CartApi.csproj", "{4744A4F0-08FF-4801-99C3-C0111B46B889}"
EndProject
Project("{FAE04EC0-301F-11D3-BF4B-00C04F79EFBC}") = "Shop.DiscountApi", "Shop.DiscountApi\Shop.DiscountApi.csproj", "{7FA56004-63AD-47E8-A64F-FDB9DAE421C8}"
EndProject
Global
	GlobalSection(SolutionConfigurationPlatforms) = preSolution
		Debug|Any CPU = Debug|Any CPU
		Release|Any CPU = Release|Any CPU
	EndGlobalSection
	GlobalSection(ProjectConfigurationPlatforms) = postSolution
		{907FAA89-3D72-4181-9234-300E39038C19}.Debug|Any CPU.ActiveCfg = Debug|Any CPU
		{907FAA89-3D72-4181-9234-300E39038C19}.Debug|Any CPU.Build.0 = Debug|Any CPU
		{907FAA89-3D72-4181-9234-300E39038C19}.Release|Any CPU.ActiveCfg = Release|Any CPU
		{907FAA89-3D72-4181-9234-300E39038C19}.Release|Any CPU.Build.0 = Release|Any CPU
		{95FA27D9-2BF3-4F58-9D65-31265EEF2C15}.Debug|Any CPU.ActiveCfg = Debug|Any CPU
		{95FA27D9-2BF3-4F58-9D65-31265EEF2C15}.Debug|Any CPU.Build.0 = Debug|Any CPU
		{95FA27D9-2BF3-4F58-9D65-31265EEF2C15}.Release|Any CPU.ActiveCfg = Release|Any CPU
		{95FA27D9-2BF3-4F58-9D65-31265EEF2C15}.Release|Any CPU.Build.0 = Release|Any CPU
		{DFCEFECB-FE5C-4A46-9AC7-5797EF7723AE}.Debug|Any CPU.ActiveCfg = Debug|Any CPU
		{DFCEFECB-FE5C-4A46-9AC7-5797EF7723AE}.Debug|Any CPU.Build.0 = Debug|Any CPU
		{DFCEFECB-FE5C-4A46-9AC7-5797EF7723AE}.Release|Any CPU.ActiveCfg = Release|Any CPU
		{DFCEFECB-FE5C-4A46-9AC7-5797EF7723AE}.Release|Any CPU.Build.0 = Release|Any CPU
		{4744A4F0-08FF-4801-99C3-C0111B46B889}.Debug|Any CPU.ActiveCfg = Debug|Any CPU
		{4744A4F0-08FF-4801-99C3-C0111B46B889}.Debug|Any CPU.Build.0 = Debug|Any CPU
		{4744A4F0-08FF-4801-99C3-C0111B46B889}.Release|Any CPU.ActiveCfg = Release|Any CPU
		{4744A4F0-08FF-4801-99C3-C0111B46B889}.Release|Any CPU.Build.0 = Release|Any CPU
		{7FA56004-63AD-47E8-A64F-FDB9DAE421C8}.Debug|Any CPU.ActiveCfg = Debug|Any CPU
		{7FA56004-63AD-47E8-A64F-FDB9DAE421C8}.Debug|Any CPU.Build.0 = Debug|Any CPU
		{7FA56004-63AD-47E8-A64F-FDB9DAE421C8}.Release|Any CPU.ActiveCfg = Release|Any CPU
		{7FA56004-63AD-47E8-A64F-FDB9DAE421C8}.Release|Any CPU.Build.0 = Release|Any CPU
	EndGlobalSection
	GlobalSection(SolutionProperties) = preSolution
		HideSolutionNode = FALSE
	EndGlobalSection
	GlobalSection(NestedProjects) = preSolution
		{907FAA89-3D72-4181-9234-300E39038C19} = {D1D2CB13-C4BE-4A90-B46A-D0BE634CB1A3}
		{95FA27D9-2BF3-4F58-9D65-31265EEF2C15} = {5D3A1C96-7B3C-43DE-8AED-4D4A094E98F7}
		{DFCEFECB-FE5C-4A46-9AC7-5797EF7723AE} = {D1D2CB13-C4BE-4A90-B46A-D0BE634CB1A3}
		{4744A4F0-08FF-4801-99C3-C0111B46B889} = {D1D2CB13-C4BE-4A90-B46A-D0BE634CB1A3}
		{7FA56004-63AD-47E8-A64F-FDB9DAE421C8} = {D1D2CB13-C4BE-4A90-B46A-D0BE634CB1A3}
	EndGlobalSection
	GlobalSection(ExtensibilityGlobals) = postSolution
		SolutionGuid = {2EA413E3-4E40-44BD-8F09-0222CA348D7F}
	EndGlobalSection
EndGlobal
