
Microsoft Visual Studio Solution File, Format Version 12.00
# Visual Studio Version 17
VisualStudioVersion = 17.2.32630.192
MinimumVisualStudioVersion = 10.0.40219.1
Project("{9A19103F-16F7-4668-BE54-9A1E7A4F7556}") = "Shop.ProductApi", "Shop.ProductApi\Shop.ProductApi.csproj", "{907FAA89-3D72-4181-9234-300E39038C19}"
EndProject
Project("{FAE04EC0-301F-11D3-BF4B-00C04F79EFBC}") = "Shop.WEB", "Shop.WEB\Shop.WEB.csproj", "{95FA27D9-2BF3-4F58-9D65-31265EEF2C15}"
EndProject
Global
	GlobalSection(SolutionConfigurationPlatforms) = preSolution
		Debug|Any CPU = Debug|Any CPU
		Release|Any CPU = Release|Any CPU
	EndGlobalSection
	GlobalSection(ProjectConfigurationPlatforms) = postSolution
		{907FAA89-3D72-4181-9234-300E39038C19}.Debug|Any CPU.ActiveCfg = Debug|Any CPU
		{907FAA89-3D72-4181-9234-300E39038C19}.Debug|Any CPU.Build.0 = Debug|Any CPU
		{907FAA89-3D72-4181-9234-300E39038C19}.Release|Any CPU.ActiveCfg = Release|Any CPU
		{907FAA89-3D72-4181-9234-300E39038C19}.Release|Any CPU.Build.0 = Release|Any CPU
		{95FA27D9-2BF3-4F58-9D65-31265EEF2C15}.Debug|Any CPU.ActiveCfg = Debug|Any CPU
		{95FA27D9-2BF3-4F58-9D65-31265EEF2C15}.Debug|Any CPU.Build.0 = Debug|Any CPU
		{95FA27D9-2BF3-4F58-9D65-31265EEF2C15}.Release|Any CPU.ActiveCfg = Release|Any CPU
		{95FA27D9-2BF3-4F58-9D65-31265EEF2C15}.Release|Any CPU.Build.0 = Release|Any CPU
	EndGlobalSection
	GlobalSection(SolutionProperties) = preSolution
		HideSolutionNode = FALSE
	EndGlobalSection
	GlobalSection(ExtensibilityGlobals) = postSolution
		SolutionGuid = {2EA413E3-4E40-44BD-8F09-0222CA348D7F}
	EndGlobalSection
EndGlobal
